{
  "name": "context-fabric-agents-opencode-pin",
  "lockfileVersion": 3,
  "requires": true,
  "packages": {
    "": {
      "name": "context-fabric-agents-opencode-pin",
      "license": "Apache-2.0",
      "devDependencies": {
        "@opencode/cli": "2.0.13"
      }
    },
    "node_modules/@opencode/cli": {
      "version": "2.0.13",
      "resolved": "https://registry.npmjs.org/@opencode/cli/-/cli-2.0.13.tgz",
      "integrity": "sha512-W/ulp+hQ2mdghB3B0j1keEIau67eXDhwBhxVo3t13NImCeyEWIgUpNH1b1QmhZzxAiui6F/LSHN81e1RESbyPA==",
      "cpu": [
        "arm64",
        "x64"
      ],
      "dev": true,
      "hasInstallScript": true,
      "license": "MIT",
      "os": [
        "darwin",
        "linux",
        "win32"
      ],
      "bin": {
        "opencode": "bin/opencode.exe",
        "opencode2": "bin/opencode.exe"
      },
      "optionalDependencies": {
        "@opencode/cli-darwin-arm64": "2.0.13",
        "@opencode/cli-darwin-x64": "2.0.13",
        "@opencode/cli-darwin-x64-baseline": "2.0.13",
        "@opencode/cli-linux-arm64": "2.0.13",
        "@opencode/cli-linux-arm64-musl": "2.0.13",
        "@opencode/cli-linux-x64": "2.0.13",
        "@opencode/cli-linux-x64-baseline": "2.0.13",
        "@opencode/cli-linux-x64-baseline-musl": "2.0.13",
        "@opencode/cli-linux-x64-musl": "2.0.13",
        "@opencode/cli-windows-arm64": "2.0.13",
        "@opencode/cli-windows-x64": "2.0.13",
        "@opencode/cli-windows-x64-baseline": "2.0.13"
      }
    },
    "node_modules/@opencode/cli-darwin-arm64": {
      "version": "2.0.13",
      "resolved": "https://registry.npmjs.org/@opencode/cli-darwin-arm64/-/cli-darwin-arm64-2.0.13.tgz",
      "integrity": "sha512-qxp/kaytQwIRNZiqSz4OgEO+fiy50ALFzpCA020/bGKGBXaxEq7tTvUlh6D/NXwbicfX47b7ktyNzeEd8EgqPw==",
      "cpu": [
        "arm64"
      ],
      "dev": true,
      "license": "MIT",
      "optional": true,
      "os": [
        "darwin"
      ]
    },
    "node_modules/@opencode/cli-darwin-x64": {
      "version": "2.0.13",
      "resolved": "https://registry.npmjs.org/@opencode/cli-darwin-x64/-/cli-darwin-x64-2.0.13.tgz",
      "integrity": "sha512-RYZ31lhX4scXqNL817laLBom56A9ZWTih+7SExQ4sb1rV0e7FZN/n94I5pQ589KprW0KfWRAjxCvKTrQOH+l/w==",
      "cpu": [
        "x64"
      ],
      "dev": true,
      "license": "MIT",
      "optional": true,
      "os": [
        "darwin"
      ]
    },
    "node_modules/@opencode/cli-darwin-x64-baseline": {
      "version": "2.0.13",
      "resolved": "https://registry.npmjs.org/@opencode/cli-darwin-x64-baseline/-/cli-darwin-x64-baseline-2.0.13.tgz",
      "integrity": "sha512-978mT9nGo9GsUjMSarif7f9w3XpIBME5AV6I1ZXvtPFoPsnXUnao4bAiSFf7u1kUHbA6XsIWj55hg/WUoJmdXQ==",
      "cpu": [
        "x64"
      ],
      "dev": true,
      "license": "MIT",
      "optional": true,
      "os": [
        "darwin"
      ]
    },
    "node_modules/@opencode/cli-linux-arm64": {
      "version": "2.0.13",
      "resolved": "https://registry.npmjs.org/@opencode/cli-linux-arm64/-/cli-linux-arm64-2.0.13.tgz",
      "integrity": "sha512-RZC2l01w+2C05DxZBLIvc8oPYtvBPAPd86PBQtxsETL6OoxEpo8u4QZAZaZCFV2ZJRPFUghxszyclGLBtxdEqA==",
      "cpu": [
        "arm64"
      ],
      "dev": true,
      "license": "MIT",
      "optional": true,
      "os": [
        "linux"
      ]
    },
    "node_modules/@opencode/cli-linux-arm64-musl": {
      "version": "2.0.13",
      "resolved": "https://registry.npmjs.org/@opencode/cli-linux-arm64-musl/-/cli-linux-arm64-musl-2.0.13.tgz",
      "integrity": "sha512-twGevekqbvOSxGpBRs9op4c98bQ/iDlaTIqHHBC11YsrdzWG8nSYsdc9qUdIOXF3hfzSv+3w6inRWQbkssttxQ==",
      "cpu": [
        "arm64"
      ],
      "dev": true,
      "license": "MIT",
      "optional": true,
      "os": [
        "linux"
      ]
    },
    "node_modules/@opencode/cli-linux-x64": {
      "version": "2.0.13",
      "resolved": "https://registry.npmjs.org/@opencode/cli-linux-x64/-/cli-linux-x64-2.0.13.tgz",
      "integrity": "sha512-miwcMpVTquYpXnnRq7Cv3+y2CXizcMkqVywhdSNKujVegszOgC6duyi7Qu+XGsqU5b/5CXRQl6qHn4nFBeCS1w==",
      "cpu": [
        "x64"
      ],
      "dev": true,
      "license": "MIT",
      "optional": true,
      "os": [
        "linux"
      ]
    },
    "node_modules/@opencode/cli-linux-x64-baseline": {
      "version": "2.0.13",
      "resolved": "https://registry.npmjs.org/@opencode/cli-linux-x64-baseline/-/cli-linux-x64-baseline-2.0.13.tgz",
      "integrity": "sha512-i2ceikrnA75B1cHv93QQUM/awQsk2wPbJrS4VGCA+P0Ywu318F80a0Lrwa57YO877NU5rYGxDK5l28VGn1aY/w==",
      "cpu": [
        "x64"
      ],
      "dev": true,
      "license": "MIT",
      "optional": true,
      "os": [
        "linux"
      ]
    },
    "node_modules/@opencode/cli-linux-x64-baseline-musl": {
      "version": "2.0.13",
      "resolved": "https://registry.npmjs.org/@opencode/cli-linux-x64-baseline-musl/-/cli-linux-x64-baseline-musl-2.0.13.tgz",
      "integrity": "sha512-DUPp7XJ/erk3hPWnoU9yEXDfTpLHyEjeDo+E7SWmQWQuH9A2DyK/8T9oFXU3VTYdFzmrnVJyPDeRpoidhkQxOw==",
      "cpu": [
        "x64"
      ],
      "dev": true,
      "license": "MIT",
      "optional": true,
      "os": [
        "linux"
      ]
    },
    "node_modules/@opencode/cli-linux-x64-musl": {
      "version": "2.0.13",
      "resolved": "https://registry.npmjs.org/@opencode/cli-linux-x64-musl/-/cli-linux-x64-musl-2.0.13.tgz",
      "integrity": "sha512-AFGbIj4Tu2LYf6eMixd7IcIdKEbg0XCKb+U358b/YKEKAVoFkvVozkznPKEYPVsY1exrwSn8N+HLWGk8rYU7IA==",
      "cpu": [
        "x64"
      ],
      "dev": true,
      "license": "MIT",
      "optional": true,
      "os": [
        "linux"
      ]
    },
    "node_modules/@opencode/cli-windows-arm64": {
      "version": "2.0.13",
      "resolved": "https://registry.npmjs.org/@opencode/cli-windows-arm64/-/cli-windows-arm64-2.0.13.tgz",
      "integrity": "sha512-KrrX29Vr/HOCFzcdjcSe+R4URgvDxzWVvgK+8J1ZWWlWOzv2lDH11W3AU11j2dzqYzNRqFISJDJX4OcxVPlzAw==",
      "cpu": [
        "arm64"
      ],
      "dev": true,
      "license": "MIT",
      "optional": true,
      "os": [
        "win32"
      ]
    },
    "node_modules/@opencode/cli-windows-x64": {
      "version": "2.0.13",
      "resolved": "https://registry.npmjs.org/@opencode/cli-windows-x64/-/cli-windows-x64-2.0.13.tgz",
      "integrity": "sha512-dARALt0Zkuu6xtJpXk9BYI3BrGG/Sc6zCSvlZOXm62Pj1coWObAku9CMikxU8OiWK3JjrypX/+FThfr4gHpkGQ==",
      "cpu": [
        "x64"
      ],
      "dev": true,
      "license": "MIT",
      "optional": true,
      "os": [
        "win32"
      ]
    },
    "node_modules/@opencode/cli-windows-x64-baseline": {
      "version": "2.0.13",
      "resolved": "https://registry.npmjs.org/@opencode/cli-windows-x64-baseline/-/cli-windows-x64-baseline-2.0.13.tgz",
      "integrity": "sha512-+95jUBRpsyIcc/e9pZ6Q83ekG2Q6a4xV6GXnlsHXpEhNbAO5xat1CnfNd2thG92IZxtrC5pUkpGnTjyDwSNVCA==",
      "cpu": [
        "x64"
      ],
      "dev": true,
      "license": "MIT",
      "optional": true,
      "os": [
        "win32"
      ]
    }
  }
}
